
Microsoft Visual Studio Solution File, Format Version 12.00
# Visual Studio Version 16
VisualStudioVersion = 16.0.31005.135
MinimumVisualStudioVersion = 10.0.40219.1
Project("{9A19103F-16F7-4668-BE54-9A1E7A4F7556}") = "WebPortal", "WebPortal\WebPortal.csproj", "{968B9431-BFDD-4310-A756-207F6355331E}"
EndProject
Project("{9A19103F-16F7-4668-BE54-9A1E7A4F7556}") = "Business", "Employees.Business\Business.csproj", "{6AF85E2A-6688-45CD-A996-EF5A2739E4C3}"
EndProject
Project("{9A19103F-16F7-4668-BE54-9A1E7A4F7556}") = "Infrastructure", "Employees.Infrastructure\Infrastructure.csproj", "{6A886F06-39C2-4632-8CBA-EBB6FAC6ED69}"
EndProject
Global
	GlobalSection(SolutionConfigurationPlatforms) = preSolution
		Debug|Any CPU = Debug|Any CPU
		Release|Any CPU = Release|Any CPU
	EndGlobalSection
	GlobalSection(ProjectConfigurationPlatforms) = postSolution
		{968B9431-BFDD-4310-A756-207F6355331E}.Debug|Any CPU.ActiveCfg = Debug|Any CPU
		{968B9431-BFDD-4310-A756-207F6355331E}.Debug|Any CPU.Build.0 = Debug|Any CPU
		{968B9431-BFDD-4310-A756-207F6355331E}.Release|Any CPU.ActiveCfg = Release|Any CPU
		{968B9431-BFDD-4310-A756-207F6355331E}.Release|Any CPU.Build.0 = Release|Any CPU
		{6AF85E2A-6688-45CD-A996-EF5A2739E4C3}.Debug|Any CPU.ActiveCfg = Debug|Any CPU
		{6AF85E2A-6688-45CD-A996-EF5A2739E4C3}.Debug|Any CPU.Build.0 = Debug|Any CPU
		{6AF85E2A-6688-45CD-A996-EF5A2739E4C3}.Release|Any CPU.ActiveCfg = Release|Any CPU
		{6AF85E2A-6688-45CD-A996-EF5A2739E4C3}.Release|Any CPU.Build.0 = Release|Any CPU
		{6A886F06-39C2-4632-8CBA-EBB6FAC6ED69}.Debug|Any CPU.ActiveCfg = Debug|Any CPU
		{6A886F06-39C2-4632-8CBA-EBB6FAC6ED69}.Debug|Any CPU.Build.0 = Debug|Any CPU
		{6A886F06-39C2-4632-8CBA-EBB6FAC6ED69}.Release|Any CPU.ActiveCfg = Release|Any CPU
		{6A886F06-39C2-4632-8CBA-EBB6FAC6ED69}.Release|Any CPU.Build.0 = Release|Any CPU
	EndGlobalSection
	GlobalSection(SolutionProperties) = preSolution
		HideSolutionNode = FALSE
	EndGlobalSection
	GlobalSection(ExtensibilityGlobals) = postSolution
		SolutionGuid = {FFC45F35-2B45-49C1-8A31-10A5679E5F96}
	EndGlobalSection
EndGlobal
